
Microsoft Visual Studio Solution File, Format Version 12.00
# Visual Studio Version 16
VisualStudioVersion = 16.0.31105.61
MinimumVisualStudioVersion = 10.0.40219.1
Project("{FAE04EC0-301F-11D3-BF4B-00C04F79EFBC}") = "TestAutomation", "TestAutomation\TestAutomation.csproj", "{F983B45A-0DCD-4D70-BB88-46D67535B3BE}"
EndProject
Global
	GlobalSection(SolutionConfigurationPlatforms) = preSolution
		Debug|Any CPU = Debug|Any CPU
		Release|Any CPU = Release|Any CPU
	EndGlobalSection
	GlobalSection(ProjectConfigurationPlatforms) = postSolution
		{F983B45A-0DCD-4D70-BB88-46D67535B3BE}.Debug|Any CPU.ActiveCfg = Debug|Any CPU
		{F983B45A-0DCD-4D70-BB88-46D67535B3BE}.Debug|Any CPU.Build.0 = Debug|Any CPU
		{F983B45A-0DCD-4D70-BB88-46D67535B3BE}.Release|Any CPU.ActiveCfg = Release|Any CPU
		{F983B45A-0DCD-4D70-BB88-46D67535B3BE}.Release|Any CPU.Build.0 = Release|Any CPU
	EndGlobalSection
	GlobalSection(SolutionProperties) = preSolution
		HideSolutionNode = FALSE
	EndGlobalSection
	GlobalSection(ExtensibilityGlobals) = postSolution
		SolutionGuid = {D5500B67-9CB2-4198-960E-8F2822D9C7FA}
	EndGlobalSection
EndGlobal
